// !$*UTF8*$!
{
	archiveVersion = 1;
	classes = {
	};
	objectVersion = 52;
	objects = {

/* Begin PBXBuildFile section */
		1A02E1F0289822F60026E4CF /* GoogleService-Info.plist in Resources */ = {isa = PBXBuildFile; fileRef = 1A02E1EF289822F60026E4CF /* GoogleService-Info.plist */; };
		1A02E1F4289824A90026E4CF /* FirebaseAnalytics in Frameworks */ = {isa = PBXBuildFile; productRef = 1A02E1F3289824A90026E4CF /* FirebaseAnalytics */; };
		1A02E1F8289824A90026E4CF /* FirebaseAnalyticsSwift in Frameworks */ = {isa = PBXBuildFile; productRef = 1A02E1F7289824A90026E4CF /* FirebaseAnalyticsSwift */; };
		1A02E1FA289824A90026E4CF /* FirebaseAnalyticsWithoutAdIdSupport in Frameworks */ = {isa = PBXBuildFile; productRef = 1A02E1F9289824A90026E4CF /* FirebaseAnalyticsWithoutAdIdSupport */; };
		1A02E200289824A90026E4CF /* FirebaseCrashlytics in Frameworks */ = {isa = PBXBuildFile; productRef = 1A02E1FF289824A90026E4CF /* FirebaseCrashlytics */; };
		1A02E206289824A90026E4CF /* FirebaseInstallations in Frameworks */ = {isa = PBXBuildFile; productRef = 1A02E205289824A90026E4CF /* FirebaseInstallations */; };
		1A02E208289824A90026E4CF /* FirebasePerformance in Frameworks */ = {isa = PBXBuildFile; productRef = 1A02E207289824A90026E4CF /* FirebasePerformance */; };
		1A1515C8282B5DDA00DB8948 /* ActorHelpers.swift in Sources */ = {isa = PBXBuildFile; fileRef = 1A1515C7282B5DDA00DB8948 /* ActorHelpers.swift */; };
		1A1515CA282B5DDA00DB8948 /* ActorHelpers.swift in Sources */ = {isa = PBXBuildFile; fileRef = 1A1515C7282B5DDA00DB8948 /* ActorHelpers.swift */; };
		1A1515CD282B69CF00DB8948 /* ActorDetailEdit.swift in Sources */ = {isa = PBXBuildFile; fileRef = 1A1515CC282B69CF00DB8948 /* ActorDetailEdit.swift */; };
		1A1515CF282B69CF00DB8948 /* ActorDetailEdit.swift in Sources */ = {isa = PBXBuildFile; fileRef = 1A1515CC282B69CF00DB8948 /* ActorDetailEdit.swift */; };
		1A1515D2282C3C7700DB8948 /* noID.json in Resources */ = {isa = PBXBuildFile; fileRef = 1A1515D1282C3C7700DB8948 /* noID.json */; };
		1A1515D4282C3C7700DB8948 /* noID.json in Resources */ = {isa = PBXBuildFile; fileRef = 1A1515D1282C3C7700DB8948 /* noID.json */; };
		1A1515D7282C48ED00DB8948 /* dataEdit.json in Resources */ = {isa = PBXBuildFile; fileRef = 1A1515D6282C48ED00DB8948 /* dataEdit.json */; };
		1A1515D9282C48ED00DB8948 /* dataEdit.json in Resources */ = {isa = PBXBuildFile; fileRef = 1A1515D6282C48ED00DB8948 /* dataEdit.json */; };
		1A1A51D3268EBD1B00138859 /* UIImage+Extension.swift in Sources */ = {isa = PBXBuildFile; fileRef = 1A1A51D2268EBD1B00138859 /* UIImage+Extension.swift */; };
		1A2FE96F263F8B0700B11F73 /* Home.swift in Sources */ = {isa = PBXBuildFile; fileRef = 1A2FE96E263F8B0700B11F73 /* Home.swift */; };
		1A2FE971263F8B0700B11F73 /* Home.swift in Sources */ = {isa = PBXBuildFile; fileRef = 1A2FE96E263F8B0700B11F73 /* Home.swift */; };
		1A2FE974263F8CAB00B11F73 /* ScrollShowRow.swift in Sources */ = {isa = PBXBuildFile; fileRef = 1A2FE973263F8CAB00B11F73 /* ScrollShowRow.swift */; };
		1A2FE976263F8CAB00B11F73 /* ScrollShowRow.swift in Sources */ = {isa = PBXBuildFile; fileRef = 1A2FE973263F8CAB00B11F73 /* ScrollShowRow.swift */; };
		1A2FE979263F8EC600B11F73 /* ShowTile.swift in Sources */ = {isa = PBXBuildFile; fileRef = 1A2FE978263F8EC600B11F73 /* ShowTile.swift */; };
		1A316A3B268FE91A00C97699 /* TileBanner.swift in Sources */ = {isa = PBXBuildFile; fileRef = 1A316A3A268FE91A00C97699 /* TileBanner.swift */; };
		1A3232F326750BAF009A9F23 /* SquareTileScrollRow.swift in Sources */ = {isa = PBXBuildFile; fileRef = 1A3232F226750BAF009A9F23 /* SquareTileScrollRow.swift */; };
		1A3232F526750BAF009A9F23 /* SquareTileScrollRow.swift in Sources */ = {isa = PBXBuildFile; fileRef = 1A3232F226750BAF009A9F23 /* SquareTileScrollRow.swift */; };
		1A3232F826756F6E009A9F23 /* DiscoverPage.swift in Sources */ = {isa = PBXBuildFile; fileRef = 1A3232F726756F6E009A9F23 /* DiscoverPage.swift */; };
		1A3232FA26756F6E009A9F23 /* DiscoverPage.swift in Sources */ = {isa = PBXBuildFile; fileRef = 1A3232F726756F6E009A9F23 /* DiscoverPage.swift */; };
		1A3A33F12672AAD300B2F459 /* ShowLength.swift in Sources */ = {isa = PBXBuildFile; fileRef = 1A3A33F02672AAD300B2F459 /* ShowLength.swift */; };
		1A3A33F32672AAD300B2F459 /* ShowLength.swift in Sources */ = {isa = PBXBuildFile; fileRef = 1A3A33F02672AAD300B2F459 /* ShowLength.swift */; };
		1A3B8B402671D82C0033C433 /* Service.swift in Sources */ = {isa = PBXBuildFile; fileRef = 1A3B8B3F2671D82C0033C433 /* Service.swift */; };
		1A3B8B422671D82C0033C433 /* Service.swift in Sources */ = {isa = PBXBuildFile; fileRef = 1A3B8B3F2671D82C0033C433 /* Service.swift */; };
		1A429F0E28BC3E7900AC3C09 /* AddToComingSoon.swift in Sources */ = {isa = PBXBuildFile; fileRef = 1A429F0D28BC3E7900AC3C09 /* AddToComingSoon.swift */; };
		1A429F0F28BC3E7900AC3C09 /* AddToComingSoon.swift in Sources */ = {isa = PBXBuildFile; fileRef = 1A429F0D28BC3E7900AC3C09 /* AddToComingSoon.swift */; };
		1A4A323828C29AE300E76BF1 /* AverageRatingsGraphs.swift in Sources */ = {isa = PBXBuildFile; fileRef = 1A4A323728C29AE300E76BF1 /* AverageRatingsGraphs.swift */; };
		1A4A323928C29AE300E76BF1 /* AverageRatingsGraphs.swift in Sources */ = {isa = PBXBuildFile; fileRef = 1A4A323728C29AE300E76BF1 /* AverageRatingsGraphs.swift */; };
		1A4A323B28C2B55E00E76BF1 /* PersonalRatingGraphs.swift in Sources */ = {isa = PBXBuildFile; fileRef = 1A4A323A28C2B55E00E76BF1 /* PersonalRatingGraphs.swift */; };
		1A4A323C28C2B55E00E76BF1 /* PersonalRatingGraphs.swift in Sources */ = {isa = PBXBuildFile; fileRef = 1A4A323A28C2B55E00E76BF1 /* PersonalRatingGraphs.swift */; };
		1A4A323E28C2B5BF00E76BF1 /* RatingGraphs.swift in Sources */ = {isa = PBXBuildFile; fileRef = 1A4A323D28C2B5BF00E76BF1 /* RatingGraphs.swift */; };
		1A4A323F28C2B5BF00E76BF1 /* RatingGraphs.swift in Sources */ = {isa = PBXBuildFile; fileRef = 1A4A323D28C2B5BF00E76BF1 /* RatingGraphs.swift */; };
		1A4B4CEB282D9CDB0095324A /* ActorList.swift in Sources */ = {isa = PBXBuildFile; fileRef = 1A4B4CEA282D9CDB0095324A /* ActorList.swift */; };
		1A4B4CED282D9CDB0095324A /* ActorList.swift in Sources */ = {isa = PBXBuildFile; fileRef = 1A4B4CEA282D9CDB0095324A /* ActorList.swift */; };
		1A4B4CF0282F2DA70095324A /* StatsPage.swift in Sources */ = {isa = PBXBuildFile; fileRef = 1A4B4CEF282F2DA70095324A /* StatsPage.swift */; };
		1A4B4CF2282F2DA70095324A /* StatsPage.swift in Sources */ = {isa = PBXBuildFile; fileRef = 1A4B4CEF282F2DA70095324A /* StatsPage.swift */; };
		1A5406712812594900A78AC0 /* Hidden.swift in Sources */ = {isa = PBXBuildFile; fileRef = 1A5406702812594900A78AC0 /* Hidden.swift */; };
		1A5406732812594900A78AC0 /* Hidden.swift in Sources */ = {isa = PBXBuildFile; fileRef = 1A5406702812594900A78AC0 /* Hidden.swift */; };
		1A550D5526CC3E3F000F4919 /* csvjson.json in Resources */ = {isa = PBXBuildFile; fileRef = 1A550D5426CC3E3F000F4919 /* csvjson.json */; };
		1A550D5726CC3E3F000F4919 /* csvjson.json in Resources */ = {isa = PBXBuildFile; fileRef = 1A550D5426CC3E3F000F4919 /* csvjson.json */; };
		1A66E1052639119300B47B88 /* ShowDetail.swift in Sources */ = {isa = PBXBuildFile; fileRef = 1A66E1042639119300B47B88 /* ShowDetail.swift */; };
		1A66E109263A042600B47B88 /* WatchedButton.swift in Sources */ = {isa = PBXBuildFile; fileRef = 1A66E108263A042600B47B88 /* WatchedButton.swift */; };
		1A6D246C28C130A60027DF9D /* ShowRatingsGraph.swift in Sources */ = {isa = PBXBuildFile; fileRef = 1A6D246B28C130A60027DF9D /* ShowRatingsGraph.swift */; };
		1A6D246D28C130A60027DF9D /* ShowRatingsGraph.swift in Sources */ = {isa = PBXBuildFile; fileRef = 1A6D246B28C130A60027DF9D /* ShowRatingsGraph.swift */; };
		1A6E07DF28C5456F00BE4898 /* ShowDetailViewModel.swift in Sources */ = {isa = PBXBuildFile; fileRef = 1A6E07DE28C5456F00BE4898 /* ShowDetailViewModel.swift */; };
		1A6E07E128C5488B00BE4898 /* OldFirebaseDBFunctions.swift in Sources */ = {isa = PBXBuildFile; fileRef = 1A6E07E028C5488B00BE4898 /* OldFirebaseDBFunctions.swift */; };
		1A6E07E428C548E900BE4898 /* OldFileIOFunctions.swift in Sources */ = {isa = PBXBuildFile; fileRef = 1A6E07E328C548E900BE4898 /* OldFileIOFunctions.swift */; };
		1A6E07E628C54B9600BE4898 /* ShowTileViewModel.swift in Sources */ = {isa = PBXBuildFile; fileRef = 1A6E07E528C54B9600BE4898 /* ShowTileViewModel.swift */; };
		1A6E07EA28C561C300BE4898 /* FollowerList.swift in Sources */ = {isa = PBXBuildFile; fileRef = 1A6E07E928C561C300BE4898 /* FollowerList.swift */; };
		1A6E07ED28C56A8200BE4898 /* ProfileFunctions.swift in Sources */ = {isa = PBXBuildFile; fileRef = 1A6E07EC28C56A8200BE4898 /* ProfileFunctions.swift */; };
		1A7DA8A028768AE000A26E7B /* Home_recording.gif in Resources */ = {isa = PBXBuildFile; fileRef = 1A7DA89F28768AE000A26E7B /* Home_recording.gif */; };
		1A818B28289A1D34002866B2 /* ActorReferenceHelper.swift in Sources */ = {isa = PBXBuildFile; fileRef = 1A818B27289A1D34002866B2 /* ActorReferenceHelper.swift */; };
		1A818B2A289A1D34002866B2 /* ActorReferenceHelper.swift in Sources */ = {isa = PBXBuildFile; fileRef = 1A818B27289A1D34002866B2 /* ActorReferenceHelper.swift */; };
		1A81CBE62882417F003F6EC3 /* data.json in Resources */ = {isa = PBXBuildFile; fileRef = 1A81CBE52882417F003F6EC3 /* data.json */; };
		1A81CBE82882417F003F6EC3 /* data.json in Resources */ = {isa = PBXBuildFile; fileRef = 1A81CBE52882417F003F6EC3 /* data.json */; };
		1A81CBF4288CA369003F6EC3 /* Rating.swift in Sources */ = {isa = PBXBuildFile; fileRef = 1A81CBF3288CA369003F6EC3 /* Rating.swift */; };
		1A81CBF6288CA369003F6EC3 /* Rating.swift in Sources */ = {isa = PBXBuildFile; fileRef = 1A81CBF3288CA369003F6EC3 /* Rating.swift */; };
		1A81CBF9288CA48C003F6EC3 /* RatingRow.swift in Sources */ = {isa = PBXBuildFile; fileRef = 1A81CBF8288CA48C003F6EC3 /* RatingRow.swift */; };
		1A81CBFB288CA48C003F6EC3 /* RatingRow.swift in Sources */ = {isa = PBXBuildFile; fileRef = 1A81CBF8288CA48C003F6EC3 /* RatingRow.swift */; };
		1A81CBFE288E111C003F6EC3 /* Tag.swift in Sources */ = {isa = PBXBuildFile; fileRef = 1A81CBFD288E111C003F6EC3 /* Tag.swift */; };
		1A81CC00288E111C003F6EC3 /* Tag.swift in Sources */ = {isa = PBXBuildFile; fileRef = 1A81CBFD288E111C003F6EC3 /* Tag.swift */; };
		1A81CC03288E159D003F6EC3 /* TagsSection.swift in Sources */ = {isa = PBXBuildFile; fileRef = 1A81CC02288E159D003F6EC3 /* TagsSection.swift */; };
		1A81CC05288E159D003F6EC3 /* TagsSection.swift in Sources */ = {isa = PBXBuildFile; fileRef = 1A81CC02288E159D003F6EC3 /* TagsSection.swift */; };
		1A88BF7B28C52A0D005F7683 /* ProfileDetail.swift in Sources */ = {isa = PBXBuildFile; fileRef = 1A88BF7A28C52A0D005F7683 /* ProfileDetail.swift */; };
		1A88BF7E28C52A24005F7683 /* ProfileViewModel.swift in Sources */ = {isa = PBXBuildFile; fileRef = 1A88BF7D28C52A24005F7683 /* ProfileViewModel.swift */; };
		1A88BF8028C52BE9005F7683 /* Profile.swift in Sources */ = {isa = PBXBuildFile; fileRef = 1A88BF7F28C52BE9005F7683 /* Profile.swift */; };
		1A88BF8228C535DB005F7683 /* FirebaseStorage in Frameworks */ = {isa = PBXBuildFile; productRef = 1A88BF8128C535DB005F7683 /* FirebaseStorage */; };
		1A88BF8428C535DB005F7683 /* FirebaseStorageCombine-Community in Frameworks */ = {isa = PBXBuildFile; productRef = 1A88BF8328C535DB005F7683 /* FirebaseStorageCombine-Community */; };
		1A88BF8628C53750005F7683 /* FirebaseDatabase in Frameworks */ = {isa = PBXBuildFile; productRef = 1A88BF8528C53750005F7683 /* FirebaseDatabase */; };
		1A88BF8828C53750005F7683 /* FirebaseDatabaseSwift in Frameworks */ = {isa = PBXBuildFile; productRef = 1A88BF8728C53750005F7683 /* FirebaseDatabaseSwift */; };
		1A90DFDB284813A500AD48BA /* CurrentlyAiringRow.swift in Sources */ = {isa = PBXBuildFile; fileRef = 1A90DFDA284813A500AD48BA /* CurrentlyAiringRow.swift */; };
		1A99FF0226CC25DE009485ED /* AirDate.swift in Sources */ = {isa = PBXBuildFile; fileRef = 1A99FF0126CC25DE009485ED /* AirDate.swift */; };
		1A99FF0426CC25DE009485ED /* AirDate.swift in Sources */ = {isa = PBXBuildFile; fileRef = 1A99FF0126CC25DE009485ED /* AirDate.swift */; };
		1A99FF0726CC3796009485ED /* Status.swift in Sources */ = {isa = PBXBuildFile; fileRef = 1A99FF0626CC3796009485ED /* Status.swift */; };
		1A99FF0926CC3796009485ED /* Status.swift in Sources */ = {isa = PBXBuildFile; fileRef = 1A99FF0626CC3796009485ED /* Status.swift */; };
		1AA1AAE326A0CE070029FFD6 /* DeletePage.swift in Sources */ = {isa = PBXBuildFile; fileRef = 1AA1AAE226A0CE070029FFD6 /* DeletePage.swift */; };
		1AA1AAE526A0CE070029FFD6 /* DeletePage.swift in Sources */ = {isa = PBXBuildFile; fileRef = 1AA1AAE226A0CE070029FFD6 /* DeletePage.swift */; };
		1AC11B91288F920800A8FA10 /* ActorReferenceGame.swift in Sources */ = {isa = PBXBuildFile; fileRef = 1AC11B90288F920800A8FA10 /* ActorReferenceGame.swift */; };
		1AC11B93288F920800A8FA10 /* ActorReferenceGame.swift in Sources */ = {isa = PBXBuildFile; fileRef = 1AC11B90288F920800A8FA10 /* ActorReferenceGame.swift */; };
		1AC11B972890426A00A8FA10 /* TagsGraphs.swift in Sources */ = {isa = PBXBuildFile; fileRef = 1AC11B962890426A00A8FA10 /* TagsGraphs.swift */; };
		1AC11B992890426A00A8FA10 /* TagsGraphs.swift in Sources */ = {isa = PBXBuildFile; fileRef = 1AC11B962890426A00A8FA10 /* TagsGraphs.swift */; };
		1AC953B126896D5C00B293FB /* ShowDetailEdit.swift in Sources */ = {isa = PBXBuildFile; fileRef = 1AC953B026896D5C00B293FB /* ShowDetailEdit.swift */; };
		1AC953B326896D5C00B293FB /* ShowDetailEdit.swift in Sources */ = {isa = PBXBuildFile; fileRef = 1AC953B026896D5C00B293FB /* ShowDetailEdit.swift */; };
		1ACA81F8289DBB3F0021336B /* DiscoverList.swift in Sources */ = {isa = PBXBuildFile; fileRef = 1ACA81F7289DBB3F0021336B /* DiscoverList.swift */; };
		1ACA81F9289DBB3F0021336B /* DiscoverList.swift in Sources */ = {isa = PBXBuildFile; fileRef = 1ACA81F7289DBB3F0021336B /* DiscoverList.swift */; };
		1ACA81FE289F25D10021336B /* UpdateStatusButtons.swift in Sources */ = {isa = PBXBuildFile; fileRef = 1ACA81FD289F25D10021336B /* UpdateStatusButtons.swift */; };
		1ACA81FF289F25D10021336B /* UpdateStatusButtons.swift in Sources */ = {isa = PBXBuildFile; fileRef = 1ACA81FD289F25D10021336B /* UpdateStatusButtons.swift */; };
		1ACFA77D26DDA49F00CB2E16 /* Home.png in Resources */ = {isa = PBXBuildFile; fileRef = 1ACFA77426DDA49E00CB2E16 /* Home.png */; };
		1ACFA78A26DDA58100CB2E16 /* Watchlist.png in Resources */ = {isa = PBXBuildFile; fileRef = 1ACFA78926DDA58100CB2E16 /* Watchlist.png */; };
		1AD246B1289C57A400E42452 /* Login.swift in Sources */ = {isa = PBXBuildFile; fileRef = 1AD246B0289C57A400E42452 /* Login.swift */; };
		1AD246B3289C57A400E42452 /* Login.swift in Sources */ = {isa = PBXBuildFile; fileRef = 1AD246B0289C57A400E42452 /* Login.swift */; };
		1AD246B6289C597B00E42452 /* FirebaseAuth in Frameworks */ = {isa = PBXBuildFile; productRef = 1AD246B5289C597B00E42452 /* FirebaseAuth */; };
		1AD246B8289C598000E42452 /* FirebaseAuthCombine-Community in Frameworks */ = {isa = PBXBuildFile; productRef = 1AD246B7289C598000E42452 /* FirebaseAuthCombine-Community */; };
		1AD246BA289C761A00E42452 /* FirebaseFirestore in Frameworks */ = {isa = PBXBuildFile; productRef = 1AD246B9289C761A00E42452 /* FirebaseFirestore */; };
		1AD246BC289C761A00E42452 /* FirebaseFirestoreCombine-Community in Frameworks */ = {isa = PBXBuildFile; productRef = 1AD246BB289C761A00E42452 /* FirebaseFirestoreCombine-Community */; };
		1AD246BE289C761A00E42452 /* FirebaseFirestoreSwift in Frameworks */ = {isa = PBXBuildFile; productRef = 1AD246BD289C761A00E42452 /* FirebaseFirestoreSwift */; };
		1AD246C0289C94EA00E42452 /* FireStoreFunctions.swift in Sources */ = {isa = PBXBuildFile; fileRef = 1AD246BF289C94EA00E42452 /* FireStoreFunctions.swift */; };
		1AD246C1289C94EA00E42452 /* FireStoreFunctions.swift in Sources */ = {isa = PBXBuildFile; fileRef = 1AD246BF289C94EA00E42452 /* FireStoreFunctions.swift */; };
		1AE03C812824ABB3005FF4FA /* Actor.swift in Sources */ = {isa = PBXBuildFile; fileRef = 1AE03C802824ABB3005FF4FA /* Actor.swift */; };
		1AE03C832824ABB3005FF4FA /* Actor.swift in Sources */ = {isa = PBXBuildFile; fileRef = 1AE03C802824ABB3005FF4FA /* Actor.swift */; };
		1AE03C872824B2D4005FF4FA /* ActorDetail.swift in Sources */ = {isa = PBXBuildFile; fileRef = 1AE03C862824B2D4005FF4FA /* ActorDetail.swift */; };
		1AE03C892824B2D4005FF4FA /* ActorDetail.swift in Sources */ = {isa = PBXBuildFile; fileRef = 1AE03C862824B2D4005FF4FA /* ActorDetail.swift */; };
		1AE03C8C2824B34B005FF4FA /* ListActorRow.swift in Sources */ = {isa = PBXBuildFile; fileRef = 1AE03C8B2824B34B005FF4FA /* ListActorRow.swift */; };
		1AE03C8E2824B34B005FF4FA /* ListActorRow.swift in Sources */ = {isa = PBXBuildFile; fileRef = 1AE03C8B2824B34B005FF4FA /* ListActorRow.swift */; };
		1AE03C922824BA4B005FF4FA /* actorData.json in Resources */ = {isa = PBXBuildFile; fileRef = 1AE03C912824BA4B005FF4FA /* actorData.json */; };
		1AE03C942824BA4B005FF4FA /* actorData.json in Resources */ = {isa = PBXBuildFile; fileRef = 1AE03C912824BA4B005FF4FA /* actorData.json */; };
		1AE79A74284C3E7B008BB19A /* ShowSeasonsRow.swift in Sources */ = {isa = PBXBuildFile; fileRef = 1AE79A73284C3E7B008BB19A /* ShowSeasonsRow.swift */; };
		1AE79A76284C3E7B008BB19A /* ShowSeasonsRow.swift in Sources */ = {isa = PBXBuildFile; fileRef = 1AE79A73284C3E7B008BB19A /* ShowSeasonsRow.swift */; };
		1AE79A79284C4064008BB19A /* ShowDetailText.swift in Sources */ = {isa = PBXBuildFile; fileRef = 1AE79A78284C4064008BB19A /* ShowDetailText.swift */; };
		1AE79A7B284C4064008BB19A /* ShowDetailText.swift in Sources */ = {isa = PBXBuildFile; fileRef = 1AE79A78284C4064008BB19A /* ShowDetailText.swift */; };
		1AE79A7E284C418F008BB19A /* ShowDetail.swift in Sources */ = {isa = PBXBuildFile; fileRef = 1A66E1042639119300B47B88 /* ShowDetail.swift */; };
		1AE79A81284C42F9008BB19A /* ShowDetailActors.swift in Sources */ = {isa = PBXBuildFile; fileRef = 1AE79A80284C42F9008BB19A /* ShowDetailActors.swift */; };
		1AE79A83284C42F9008BB19A /* ShowDetailActors.swift in Sources */ = {isa = PBXBuildFile; fileRef = 1AE79A80284C42F9008BB19A /* ShowDetailActors.swift */; };
		1AE79A87284C44A6008BB19A /* HomeNewRows.swift in Sources */ = {isa = PBXBuildFile; fileRef = 1AE79A86284C44A6008BB19A /* HomeNewRows.swift */; };
		1AE79A89284C44A6008BB19A /* HomeNewRows.swift in Sources */ = {isa = PBXBuildFile; fileRef = 1AE79A86284C44A6008BB19A /* HomeNewRows.swift */; };
		1AE79A8D284C543A008BB19A /* ShowDetailEditActors.swift in Sources */ = {isa = PBXBuildFile; fileRef = 1AE79A8C284C543A008BB19A /* ShowDetailEditActors.swift */; };
		1AE79A8F284C543A008BB19A /* ShowDetailEditActors.swift in Sources */ = {isa = PBXBuildFile; fileRef = 1AE79A8C284C543A008BB19A /* ShowDetailEditActors.swift */; };
		1AF20DE22674731D0021A08F /* discovered.json in Resources */ = {isa = PBXBuildFile; fileRef = 1AF20DE12674731D0021A08F /* discovered.json */; };
		1AF20DE42674731D0021A08F /* discovered.json in Resources */ = {isa = PBXBuildFile; fileRef = 1AF20DE12674731D0021A08F /* discovered.json */; };
		1AF20DE7267473930021A08F /* ShowSquareTile.swift in Sources */ = {isa = PBXBuildFile; fileRef = 1AF20DE6267473930021A08F /* ShowSquareTile.swift */; };
		1AF20DE9267473930021A08F /* ShowSquareTile.swift in Sources */ = {isa = PBXBuildFile; fileRef = 1AF20DE6267473930021A08F /* ShowSquareTile.swift */; };
		1AF2C8912670188000463718 /* ShowHelpers.swift in Sources */ = {isa = PBXBuildFile; fileRef = 1AF2C8902670188000463718 /* ShowHelpers.swift */; };
		1AF2C8932670188000463718 /* ShowHelpers.swift in Sources */ = {isa = PBXBuildFile; fileRef = 1AF2C8902670188000463718 /* ShowHelpers.swift */; };
		1AF396672638F54E000C4996 /* Tests_iOS.swift in Sources */ = {isa = PBXBuildFile; fileRef = 1AF396662638F54E000C4996 /* Tests_iOS.swift */; };
		1AF396742638F54E000C4996 /* TV_Show_AppApp.swift in Sources */ = {isa = PBXBuildFile; fileRef = 1AF3964B2638F54E000C4996 /* TV_Show_AppApp.swift */; };
		1AF396762638F54E000C4996 /* ContentView.swift in Sources */ = {isa = PBXBuildFile; fileRef = 1AF3964C2638F54E000C4996 /* ContentView.swift */; };
		1AF396782638F54E000C4996 /* Assets.xcassets in Resources */ = {isa = PBXBuildFile; fileRef = 1AF3964D2638F54E000C4996 /* Assets.xcassets */; };
		1AF3968E2638F635000C4996 /* Show.swift in Sources */ = {isa = PBXBuildFile; fileRef = 1AF3968D2638F635000C4996 /* Show.swift */; };
		1AF396902638F635000C4996 /* Show.swift in Sources */ = {isa = PBXBuildFile; fileRef = 1AF3968D2638F635000C4996 /* Show.swift */; };
		1AF396932638F6E9000C4996 /* ModelData.swift in Sources */ = {isa = PBXBuildFile; fileRef = 1AF396922638F6E9000C4996 /* ModelData.swift */; };
		1AF396952638F6E9000C4996 /* ModelData.swift in Sources */ = {isa = PBXBuildFile; fileRef = 1AF396922638F6E9000C4996 /* ModelData.swift */; };
		1AF396A62638F977000C4996 /* ListShowRow.swift in Sources */ = {isa = PBXBuildFile; fileRef = 1AF396A52638F977000C4996 /* ListShowRow.swift */; };
		1AF396A82638F977000C4996 /* ListShowRow.swift in Sources */ = {isa = PBXBuildFile; fileRef = 1AF396A52638F977000C4996 /* ListShowRow.swift */; };
		1AF396AB2638FC7C000C4996 /* ContentView.swift in Sources */ = {isa = PBXBuildFile; fileRef = 1AF3964C2638F54E000C4996 /* ContentView.swift */; };
		1AF396AD2638FF4C000C4996 /* WatchList.swift in Sources */ = {isa = PBXBuildFile; fileRef = 1AF396AC2638FF4C000C4996 /* WatchList.swift */; };
		1AF396AF2638FF4C000C4996 /* WatchList.swift in Sources */ = {isa = PBXBuildFile; fileRef = 1AF396AC2638FF4C000C4996 /* WatchList.swift */; };
		1AF396B22639004A000C4996 /* landmarkData.json in Resources */ = {isa = PBXBuildFile; fileRef = 1AF396B12639004A000C4996 /* landmarkData.json */; };
		1AF396B42639004A000C4996 /* landmarkData.json in Resources */ = {isa = PBXBuildFile; fileRef = 1AF396B12639004A000C4996 /* landmarkData.json */; };
/* End PBXBuildFile section */

/* Begin PBXContainerItemProxy section */
		1AF396632638F54E000C4996 /* PBXContainerItemProxy */ = {
			isa = PBXContainerItemProxy;
			containerPortal = 1AF396462638F54D000C4996 /* Project object */;
			proxyType = 1;
			remoteGlobalIDString = 1AF396512638F54E000C4996;
			remoteInfo = "TV Show App (iOS)";
		};
/* End PBXContainerItemProxy section */

/* Begin PBXFileReference section */
		1A02E1EF289822F60026E4CF /* GoogleService-Info.plist */ = {isa = PBXFileReference; fileEncoding = 4; lastKnownFileType = text.plist.xml; path = "GoogleService-Info.plist"; sourceTree = "<group>"; };
		1A1515C7282B5DDA00DB8948 /* ActorHelpers.swift */ = {isa = PBXFileReference; lastKnownFileType = sourcecode.swift; path = ActorHelpers.swift; sourceTree = "<group>"; };
		1A1515CC282B69CF00DB8948 /* ActorDetailEdit.swift */ = {isa = PBXFileReference; lastKnownFileType = sourcecode.swift; path = ActorDetailEdit.swift; sourceTree = "<group>"; };
		1A1515D1282C3C7700DB8948 /* noID.json */ = {isa = PBXFileReference; fileEncoding = 4; lastKnownFileType = text.json; path = noID.json; sourceTree = "<group>"; };
		1A1515D6282C48ED00DB8948 /* dataEdit.json */ = {isa = PBXFileReference; fileEncoding = 4; lastKnownFileType = text.json; path = dataEdit.json; sourceTree = "<group>"; };
		1A1A51D2268EBD1B00138859 /* UIImage+Extension.swift */ = {isa = PBXFileReference; lastKnownFileType = sourcecode.swift; path = "UIImage+Extension.swift"; sourceTree = "<group>"; };
		1A2FE96E263F8B0700B11F73 /* Home.swift */ = {isa = PBXFileReference; lastKnownFileType = sourcecode.swift; path = Home.swift; sourceTree = "<group>"; };
		1A2FE973263F8CAB00B11F73 /* ScrollShowRow.swift */ = {isa = PBXFileReference; lastKnownFileType = sourcecode.swift; path = ScrollShowRow.swift; sourceTree = "<group>"; };
		1A2FE978263F8EC600B11F73 /* ShowTile.swift */ = {isa = PBXFileReference; lastKnownFileType = sourcecode.swift; path = ShowTile.swift; sourceTree = "<group>"; };
		1A316A3A268FE91A00C97699 /* TileBanner.swift */ = {isa = PBXFileReference; lastKnownFileType = sourcecode.swift; path = TileBanner.swift; sourceTree = "<group>"; };
		1A3232F226750BAF009A9F23 /* SquareTileScrollRow.swift */ = {isa = PBXFileReference; lastKnownFileType = sourcecode.swift; path = SquareTileScrollRow.swift; sourceTree = "<group>"; };
		1A3232F726756F6E009A9F23 /* DiscoverPage.swift */ = {isa = PBXFileReference; lastKnownFileType = sourcecode.swift; path = DiscoverPage.swift; sourceTree = "<group>"; };
		1A3A33F02672AAD300B2F459 /* ShowLength.swift */ = {isa = PBXFileReference; lastKnownFileType = sourcecode.swift; path = ShowLength.swift; sourceTree = "<group>"; };
		1A3B8B3F2671D82C0033C433 /* Service.swift */ = {isa = PBXFileReference; lastKnownFileType = sourcecode.swift; path = Service.swift; sourceTree = "<group>"; };
		1A429F0D28BC3E7900AC3C09 /* AddToComingSoon.swift */ = {isa = PBXFileReference; lastKnownFileType = sourcecode.swift; path = AddToComingSoon.swift; sourceTree = "<group>"; };
		1A4A323728C29AE300E76BF1 /* AverageRatingsGraphs.swift */ = {isa = PBXFileReference; lastKnownFileType = sourcecode.swift; path = AverageRatingsGraphs.swift; sourceTree = "<group>"; };
		1A4A323A28C2B55E00E76BF1 /* PersonalRatingGraphs.swift */ = {isa = PBXFileReference; lastKnownFileType = sourcecode.swift; path = PersonalRatingGraphs.swift; sourceTree = "<group>"; };
		1A4A323D28C2B5BF00E76BF1 /* RatingGraphs.swift */ = {isa = PBXFileReference; lastKnownFileType = sourcecode.swift; path = RatingGraphs.swift; sourceTree = "<group>"; };
		1A4B4CEA282D9CDB0095324A /* ActorList.swift */ = {isa = PBXFileReference; lastKnownFileType = sourcecode.swift; path = ActorList.swift; sourceTree = "<group>"; };
		1A4B4CEF282F2DA70095324A /* StatsPage.swift */ = {isa = PBXFileReference; lastKnownFileType = sourcecode.swift; path = StatsPage.swift; sourceTree = "<group>"; };
		1A5406702812594900A78AC0 /* Hidden.swift */ = {isa = PBXFileReference; lastKnownFileType = sourcecode.swift; path = Hidden.swift; sourceTree = "<group>"; };
		1A550D5426CC3E3F000F4919 /* csvjson.json */ = {isa = PBXFileReference; fileEncoding = 4; lastKnownFileType = text.json; path = csvjson.json; sourceTree = "<group>"; };
		1A66E1042639119300B47B88 /* ShowDetail.swift */ = {isa = PBXFileReference; lastKnownFileType = sourcecode.swift; path = ShowDetail.swift; sourceTree = "<group>"; };
		1A66E108263A042600B47B88 /* WatchedButton.swift */ = {isa = PBXFileReference; lastKnownFileType = sourcecode.swift; path = WatchedButton.swift; sourceTree = "<group>"; };
		1A6D246B28C130A60027DF9D /* ShowRatingsGraph.swift */ = {isa = PBXFileReference; lastKnownFileType = sourcecode.swift; path = ShowRatingsGraph.swift; sourceTree = "<group>"; };
		1A6E07DE28C5456F00BE4898 /* ShowDetailViewModel.swift */ = {isa = PBXFileReference; lastKnownFileType = sourcecode.swift; path = ShowDetailViewModel.swift; sourceTree = "<group>"; };
		1A6E07E028C5488B00BE4898 /* OldFirebaseDBFunctions.swift */ = {isa = PBXFileReference; lastKnownFileType = sourcecode.swift; path = OldFirebaseDBFunctions.swift; sourceTree = "<group>"; };
		1A6E07E328C548E900BE4898 /* OldFileIOFunctions.swift */ = {isa = PBXFileReference; lastKnownFileType = sourcecode.swift; path = OldFileIOFunctions.swift; sourceTree = "<group>"; };
		1A6E07E528C54B9600BE4898 /* ShowTileViewModel.swift */ = {isa = PBXFileReference; lastKnownFileType = sourcecode.swift; path = ShowTileViewModel.swift; sourceTree = "<group>"; };
		1A6E07E928C561C300BE4898 /* FollowerList.swift */ = {isa = PBXFileReference; lastKnownFileType = sourcecode.swift; path = FollowerList.swift; sourceTree = "<group>"; };
		1A6E07EC28C56A8200BE4898 /* ProfileFunctions.swift */ = {isa = PBXFileReference; lastKnownFileType = sourcecode.swift; path = ProfileFunctions.swift; sourceTree = "<group>"; };
		1A7DA89F28768AE000A26E7B /* Home_recording.gif */ = {isa = PBXFileReference; lastKnownFileType = image.gif; path = Home_recording.gif; sourceTree = "<group>"; };
		1A818B27289A1D34002866B2 /* ActorReferenceHelper.swift */ = {isa = PBXFileReference; lastKnownFileType = sourcecode.swift; path = ActorReferenceHelper.swift; sourceTree = "<group>"; };
		1A81CBE52882417F003F6EC3 /* data.json */ = {isa = PBXFileReference; fileEncoding = 4; lastKnownFileType = text.json; path = data.json; sourceTree = "<group>"; };
		1A81CBF3288CA369003F6EC3 /* Rating.swift */ = {isa = PBXFileReference; lastKnownFileType = sourcecode.swift; path = Rating.swift; sourceTree = "<group>"; };
		1A81CBF8288CA48C003F6EC3 /* RatingRow.swift */ = {isa = PBXFileReference; lastKnownFileType = sourcecode.swift; path = RatingRow.swift; sourceTree = "<group>"; };
		1A81CBFD288E111C003F6EC3 /* Tag.swift */ = {isa = PBXFileReference; lastKnownFileType = sourcecode.swift; path = Tag.swift; sourceTree = "<group>"; };
		1A81CC02288E159D003F6EC3 /* TagsSection.swift */ = {isa = PBXFileReference; lastKnownFileType = sourcecode.swift; path = TagsSection.swift; sourceTree = "<group>"; };
		1A88BF7A28C52A0D005F7683 /* ProfileDetail.swift */ = {isa = PBXFileReference; lastKnownFileType = sourcecode.swift; path = ProfileDetail.swift; sourceTree = "<group>"; };
		1A88BF7D28C52A24005F7683 /* ProfileViewModel.swift */ = {isa = PBXFileReference; lastKnownFileType = sourcecode.swift; path = ProfileViewModel.swift; sourceTree = "<group>"; };
		1A88BF7F28C52BE9005F7683 /* Profile.swift */ = {isa = PBXFileReference; lastKnownFileType = sourcecode.swift; path = Profile.swift; sourceTree = "<group>"; };
		1A90DFDA284813A500AD48BA /* CurrentlyAiringRow.swift */ = {isa = PBXFileReference; lastKnownFileType = sourcecode.swift; path = CurrentlyAiringRow.swift; sourceTree = "<group>"; };
		1A99FF0126CC25DE009485ED /* AirDate.swift */ = {isa = PBXFileReference; lastKnownFileType = sourcecode.swift; path = AirDate.swift; sourceTree = "<group>"; };
		1A99FF0626CC3796009485ED /* Status.swift */ = {isa = PBXFileReference; lastKnownFileType = sourcecode.swift; path = Status.swift; sourceTree = "<group>"; };
		1AA1AAE226A0CE070029FFD6 /* DeletePage.swift */ = {isa = PBXFileReference; lastKnownFileType = sourcecode.swift; path = DeletePage.swift; sourceTree = "<group>"; };
		1AC11B90288F920800A8FA10 /* ActorReferenceGame.swift */ = {isa = PBXFileReference; lastKnownFileType = sourcecode.swift; path = ActorReferenceGame.swift; sourceTree = "<group>"; };
		1AC11B962890426A00A8FA10 /* TagsGraphs.swift */ = {isa = PBXFileReference; lastKnownFileType = sourcecode.swift; path = TagsGraphs.swift; sourceTree = "<group>"; };
		1AC953B026896D5C00B293FB /* ShowDetailEdit.swift */ = {isa = PBXFileReference; fileEncoding = 4; lastKnownFileType = sourcecode.swift; path = ShowDetailEdit.swift; sourceTree = "<group>"; };
		1ACA81F7289DBB3F0021336B /* DiscoverList.swift */ = {isa = PBXFileReference; fileEncoding = 4; lastKnownFileType = sourcecode.swift; path = DiscoverList.swift; sourceTree = "<group>"; };
		1ACA81FD289F25D10021336B /* UpdateStatusButtons.swift */ = {isa = PBXFileReference; lastKnownFileType = sourcecode.swift; path = UpdateStatusButtons.swift; sourceTree = "<group>"; };
		1ACFA77426DDA49E00CB2E16 /* Home.png */ = {isa = PBXFileReference; lastKnownFileType = image.png; path = Home.png; sourceTree = "<group>"; };
		1ACFA78926DDA58100CB2E16 /* Watchlist.png */ = {isa = PBXFileReference; lastKnownFileType = image.png; path = Watchlist.png; sourceTree = "<group>"; };
		1AD246B0289C57A400E42452 /* Login.swift */ = {isa = PBXFileReference; lastKnownFileType = sourcecode.swift; path = Login.swift; sourceTree = "<group>"; };
		1AD246BF289C94EA00E42452 /* FireStoreFunctions.swift */ = {isa = PBXFileReference; lastKnownFileType = sourcecode.swift; path = FireStoreFunctions.swift; sourceTree = "<group>"; };
		1AE03C802824ABB3005FF4FA /* Actor.swift */ = {isa = PBXFileReference; lastKnownFileType = sourcecode.swift; path = Actor.swift; sourceTree = "<group>"; };
		1AE03C862824B2D4005FF4FA /* ActorDetail.swift */ = {isa = PBXFileReference; lastKnownFileType = sourcecode.swift; path = ActorDetail.swift; sourceTree = "<group>"; };
		1AE03C8B2824B34B005FF4FA /* ListActorRow.swift */ = {isa = PBXFileReference; lastKnownFileType = sourcecode.swift; path = ListActorRow.swift; sourceTree = "<group>"; };
		1AE03C912824BA4B005FF4FA /* actorData.json */ = {isa = PBXFileReference; fileEncoding = 4; lastKnownFileType = text.json; path = actorData.json; sourceTree = "<group>"; };
		1AE79A73284C3E7B008BB19A /* ShowSeasonsRow.swift */ = {isa = PBXFileReference; lastKnownFileType = sourcecode.swift; path = ShowSeasonsRow.swift; sourceTree = "<group>"; };
		1AE79A78284C4064008BB19A /* ShowDetailText.swift */ = {isa = PBXFileReference; lastKnownFileType = sourcecode.swift; path = ShowDetailText.swift; sourceTree = "<group>"; };
		1AE79A80284C42F9008BB19A /* ShowDetailActors.swift */ = {isa = PBXFileReference; lastKnownFileType = sourcecode.swift; path = ShowDetailActors.swift; sourceTree = "<group>"; };
		1AE79A86284C44A6008BB19A /* HomeNewRows.swift */ = {isa = PBXFileReference; lastKnownFileType = sourcecode.swift; path = HomeNewRows.swift; sourceTree = "<group>"; };
		1AE79A8C284C543A008BB19A /* ShowDetailEditActors.swift */ = {isa = PBXFileReference; lastKnownFileType = sourcecode.swift; path = ShowDetailEditActors.swift; sourceTree = "<group>"; };
		1AF20DE12674731D0021A08F /* discovered.json */ = {isa = PBXFileReference; fileEncoding = 4; lastKnownFileType = text.json; path = discovered.json; sourceTree = "<group>"; };
		1AF20DE6267473930021A08F /* ShowSquareTile.swift */ = {isa = PBXFileReference; lastKnownFileType = sourcecode.swift; path = ShowSquareTile.swift; sourceTree = "<group>"; };
		1AF2C8902670188000463718 /* ShowHelpers.swift */ = {isa = PBXFileReference; lastKnownFileType = sourcecode.swift; path = ShowHelpers.swift; sourceTree = "<group>"; };
		1AF3964B2638F54E000C4996 /* TV_Show_AppApp.swift */ = {isa = PBXFileReference; lastKnownFileType = sourcecode.swift; path = TV_Show_AppApp.swift; sourceTree = "<group>"; };
		1AF3964C2638F54E000C4996 /* ContentView.swift */ = {isa = PBXFileReference; lastKnownFileType = sourcecode.swift; path = ContentView.swift; sourceTree = "<group>"; };
		1AF3964D2638F54E000C4996 /* Assets.xcassets */ = {isa = PBXFileReference; lastKnownFileType = folder.assetcatalog; path = Assets.xcassets; sourceTree = "<group>"; };
		1AF396522638F54E000C4996 /* TV Show App.app */ = {isa = PBXFileReference; explicitFileType = wrapper.application; includeInIndex = 0; path = "TV Show App.app"; sourceTree = BUILT_PRODUCTS_DIR; };
		1AF396552638F54E000C4996 /* Info.plist */ = {isa = PBXFileReference; lastKnownFileType = text.plist.xml; path = Info.plist; sourceTree = "<group>"; };
		1AF3965C2638F54E000C4996 /* Info.plist */ = {isa = PBXFileReference; lastKnownFileType = text.plist.xml; path = Info.plist; sourceTree = "<group>"; };
		1AF3965D2638F54E000C4996 /* macOS.entitlements */ = {isa = PBXFileReference; lastKnownFileType = text.plist.entitlements; path = macOS.entitlements; sourceTree = "<group>"; };
		1AF396622638F54E000C4996 /* Tests iOS.xctest */ = {isa = PBXFileReference; explicitFileType = wrapper.cfbundle; includeInIndex = 0; path = "Tests iOS.xctest"; sourceTree = BUILT_PRODUCTS_DIR; };
		1AF396662638F54E000C4996 /* Tests_iOS.swift */ = {isa = PBXFileReference; lastKnownFileType = sourcecode.swift; path = Tests_iOS.swift; sourceTree = "<group>"; };
		1AF396682638F54E000C4996 /* Info.plist */ = {isa = PBXFileReference; lastKnownFileType = text.plist.xml; path = Info.plist; sourceTree = "<group>"; };
		1AF396712638F54E000C4996 /* Tests_macOS.swift */ = {isa = PBXFileReference; lastKnownFileType = sourcecode.swift; path = Tests_macOS.swift; sourceTree = "<group>"; };
		1AF396732638F54E000C4996 /* Info.plist */ = {isa = PBXFileReference; lastKnownFileType = text.plist.xml; path = Info.plist; sourceTree = "<group>"; };
		1AF3968D2638F635000C4996 /* Show.swift */ = {isa = PBXFileReference; lastKnownFileType = sourcecode.swift; path = Show.swift; sourceTree = "<group>"; };
		1AF396922638F6E9000C4996 /* ModelData.swift */ = {isa = PBXFileReference; lastKnownFileType = sourcecode.swift; path = ModelData.swift; sourceTree = "<group>"; };
		1AF396A52638F977000C4996 /* ListShowRow.swift */ = {isa = PBXFileReference; lastKnownFileType = sourcecode.swift; path = ListShowRow.swift; sourceTree = "<group>"; };
		1AF396AC2638FF4C000C4996 /* WatchList.swift */ = {isa = PBXFileReference; lastKnownFileType = sourcecode.swift; path = WatchList.swift; sourceTree = "<group>"; };
		1AF396B12639004A000C4996 /* landmarkData.json */ = {isa = PBXFileReference; fileEncoding = 4; lastKnownFileType = text.json; path = landmarkData.json; sourceTree = "<group>"; };
/* End PBXFileReference section */

/* Begin PBXFrameworksBuildPhase section */
		1AF3964F2638F54E000C4996 /* Frameworks */ = {
			isa = PBXFrameworksBuildPhase;
			buildActionMask = 2147483647;
			files = (
				1A88BF8828C53750005F7683 /* FirebaseDatabaseSwift in Frameworks */,
				1A02E208289824A90026E4CF /* FirebasePerformance in Frameworks */,
				1A02E1F8289824A90026E4CF /* FirebaseAnalyticsSwift in Frameworks */,
				1A02E200289824A90026E4CF /* FirebaseCrashlytics in Frameworks */,
				1AD246B6289C597B00E42452 /* FirebaseAuth in Frameworks */,
				1A02E1F4289824A90026E4CF /* FirebaseAnalytics in Frameworks */,
				1A88BF8428C535DB005F7683 /* FirebaseStorageCombine-Community in Frameworks */,
				1AD246BE289C761A00E42452 /* FirebaseFirestoreSwift in Frameworks */,
				1A02E1FA289824A90026E4CF /* FirebaseAnalyticsWithoutAdIdSupport in Frameworks */,
				1A02E206289824A90026E4CF /* FirebaseInstallations in Frameworks */,
				1AD246BC289C761A00E42452 /* FirebaseFirestoreCombine-Community in Frameworks */,
				1A88BF8228C535DB005F7683 /* FirebaseStorage in Frameworks */,
				1AD246BA289C761A00E42452 /* FirebaseFirestore in Frameworks */,
				1A88BF8628C53750005F7683 /* FirebaseDatabase in Frameworks */,
				1AD246B8289C598000E42452 /* FirebaseAuthCombine-Community in Frameworks */,
			);
			runOnlyForDeploymentPostprocessing = 0;
		};
		1AF3965F2638F54E000C4996 /* Frameworks */ = {
			isa = PBXFrameworksBuildPhase;
			buildActionMask = 2147483647;
			files = (
			);
			runOnlyForDeploymentPostprocessing = 0;
		};
/* End PBXFrameworksBuildPhase section */

/* Begin PBXGroup section */
		1A012A992898A11100ABC0F7 /* Frameworks */ = {
			isa = PBXGroup;
			children = (
			);
			name = Frameworks;
			sourceTree = "<group>";
		};
		1A66E107263A03EB00B47B88 /* Views */ = {
			isa = PBXGroup;
			children = (
				1A88BF7928C529F1005F7683 /* Profile */,
				1AC11B8A288F91E000A8FA10 /* Data */,
				1AE79A85284C4493008BB19A /* Home */,
				1AE03C852824B2BC005FF4FA /* Actors */,
				1A66E10E263A076F00B47B88 /* Helpers */,
				1AF3964C2638F54E000C4996 /* ContentView.swift */,
				1A66E10B263A060F00B47B88 /* Shows */,
				1AD246B0289C57A400E42452 /* Login.swift */,
			);
			path = Views;
			sourceTree = "<group>";
		};
		1A66E10B263A060F00B47B88 /* Shows */ = {
			isa = PBXGroup;
			children = (
				1ACA81F7289DBB3F0021336B /* DiscoverList.swift */,
				1AE79A7D284C4181008BB19A /* ShowDetail */,
				1AF396AC2638FF4C000C4996 /* WatchList.swift */,
				1AF396A52638F977000C4996 /* ListShowRow.swift */,
				1A2FE973263F8CAB00B11F73 /* ScrollShowRow.swift */,
				1A3232F226750BAF009A9F23 /* SquareTileScrollRow.swift */,
				1A3232F726756F6E009A9F23 /* DiscoverPage.swift */,
				1AA1AAE226A0CE070029FFD6 /* DeletePage.swift */,
			);
			path = Shows;
			sourceTree = "<group>";
		};
		1A66E10C263A065600B47B88 /* Models */ = {
			isa = PBXGroup;
			children = (
				1A6E07EB28C56A7300BE4898 /* Functions */,
				1A6E07E228C548CF00BE4898 /* Deprecated */,
				1A88BF7C28C52A11005F7683 /* View Models */,
				1AF3968D2638F635000C4996 /* Show.swift */,
				1AF396922638F6E9000C4996 /* ModelData.swift */,
				1AF2C8902670188000463718 /* ShowHelpers.swift */,
				1A3B8B3F2671D82C0033C433 /* Service.swift */,
				1A99FF0126CC25DE009485ED /* AirDate.swift */,
				1A99FF0626CC3796009485ED /* Status.swift */,
				1A3A33F02672AAD300B2F459 /* ShowLength.swift */,
				1AE03C802824ABB3005FF4FA /* Actor.swift */,
				1A1515C7282B5DDA00DB8948 /* ActorHelpers.swift */,
				1A81CBF3288CA369003F6EC3 /* Rating.swift */,
				1A81CBFD288E111C003F6EC3 /* Tag.swift */,
				1A88BF7F28C52BE9005F7683 /* Profile.swift */,
			);
			path = Models;
			sourceTree = "<group>";
		};
		1A66E10D263A074100B47B88 /* Resources */ = {
			isa = PBXGroup;
			children = (
				1A81CBE52882417F003F6EC3 /* data.json */,
				1A1515D6282C48ED00DB8948 /* dataEdit.json */,
				1A1515D1282C3C7700DB8948 /* noID.json */,
				1AE03C912824BA4B005FF4FA /* actorData.json */,
				1A550D5426CC3E3F000F4919 /* csvjson.json */,
				1AF20DE12674731D0021A08F /* discovered.json */,
				1AF396B12639004A000C4996 /* landmarkData.json */,
				1A5406702812594900A78AC0 /* Hidden.swift */,
			);
			path = Resources;
			sourceTree = "<group>";
		};
		1A66E10E263A076F00B47B88 /* Helpers */ = {
			isa = PBXGroup;
			children = (
				1A2FE978263F8EC600B11F73 /* ShowTile.swift */,
				1AF20DE6267473930021A08F /* ShowSquareTile.swift */,
				1A1A51D2268EBD1B00138859 /* UIImage+Extension.swift */,
				1A316A3A268FE91A00C97699 /* TileBanner.swift */,
			);
			path = Helpers;
			sourceTree = "<group>";
		};
		1A6E07E228C548CF00BE4898 /* Deprecated */ = {
			isa = PBXGroup;
			children = (
				1A6E07E328C548E900BE4898 /* OldFileIOFunctions.swift */,
				1A6E07E028C5488B00BE4898 /* OldFirebaseDBFunctions.swift */,
			);
			path = Deprecated;
			sourceTree = "<group>";
		};
		1A6E07EB28C56A7300BE4898 /* Functions */ = {
			isa = PBXGroup;
			children = (
				1A6E07EC28C56A8200BE4898 /* ProfileFunctions.swift */,
				1AD246BF289C94EA00E42452 /* FireStoreFunctions.swift */,
			);
			path = Functions;
			sourceTree = "<group>";
		};
		1A88BF7928C529F1005F7683 /* Profile */ = {
			isa = PBXGroup;
			children = (
				1A88BF7A28C52A0D005F7683 /* ProfileDetail.swift */,
				1A6E07E928C561C300BE4898 /* FollowerList.swift */,
			);
			path = Profile;
			sourceTree = "<group>";
		};
		1A88BF7C28C52A11005F7683 /* View Models */ = {
			isa = PBXGroup;
			children = (
				1A88BF7D28C52A24005F7683 /* ProfileViewModel.swift */,
				1A6E07DE28C5456F00BE4898 /* ShowDetailViewModel.swift */,
				1A6E07E528C54B9600BE4898 /* ShowTileViewModel.swift */,
			);
			path = "View Models";
			sourceTree = "<group>";
		};
		1AC11B8A288F91E000A8FA10 /* Data */ = {
			isa = PBXGroup;
			children = (
				1AC11B952890424D00A8FA10 /* Stats */,
				1AC11B90288F920800A8FA10 /* ActorReferenceGame.swift */,
				1A818B27289A1D34002866B2 /* ActorReferenceHelper.swift */,
			);
			path = Data;
			sourceTree = "<group>";
		};
		1AC11B952890424D00A8FA10 /* Stats */ = {
			isa = PBXGroup;
			children = (
				1A4B4CEF282F2DA70095324A /* StatsPage.swift */,
				1AC11B962890426A00A8FA10 /* TagsGraphs.swift */,
				1A4A323728C29AE300E76BF1 /* AverageRatingsGraphs.swift */,
				1A4A323A28C2B55E00E76BF1 /* PersonalRatingGraphs.swift */,
				1A4A323D28C2B5BF00E76BF1 /* RatingGraphs.swift */,
			);
			path = Stats;
			sourceTree = "<group>";
		};
		1ACFA77026DDA39E00CB2E16 /* Screenshots */ = {
			isa = PBXGroup;
			children = (
				1A7DA89F28768AE000A26E7B /* Home_recording.gif */,
				1ACFA77426DDA49E00CB2E16 /* Home.png */,
				1ACFA78926DDA58100CB2E16 /* Watchlist.png */,
			);
			path = Screenshots;
			sourceTree = "<group>";
		};
		1AE03C852824B2BC005FF4FA /* Actors */ = {
			isa = PBXGroup;
			children = (
				1AE03C862824B2D4005FF4FA /* ActorDetail.swift */,
				1AE03C8B2824B34B005FF4FA /* ListActorRow.swift */,
				1A1515CC282B69CF00DB8948 /* ActorDetailEdit.swift */,
				1A4B4CEA282D9CDB0095324A /* ActorList.swift */,
			);
			path = Actors;
			sourceTree = "<group>";
		};
		1AE79A7D284C4181008BB19A /* ShowDetail */ = {
			isa = PBXGroup;
			children = (
				1A66E108263A042600B47B88 /* WatchedButton.swift */,
				1AE79A8B284C5423008BB19A /* ShowDetailEdit */,
				1AE79A78284C4064008BB19A /* ShowDetailText.swift */,
				1AE79A73284C3E7B008BB19A /* ShowSeasonsRow.swift */,
				1A66E1042639119300B47B88 /* ShowDetail.swift */,
				1AE79A80284C42F9008BB19A /* ShowDetailActors.swift */,
				1A81CBF8288CA48C003F6EC3 /* RatingRow.swift */,
				1A81CC02288E159D003F6EC3 /* TagsSection.swift */,
				1ACA81FD289F25D10021336B /* UpdateStatusButtons.swift */,
				1A6D246B28C130A60027DF9D /* ShowRatingsGraph.swift */,
			);
			path = ShowDetail;
			sourceTree = "<group>";
		};
		1AE79A85284C4493008BB19A /* Home */ = {
			isa = PBXGroup;
			children = (
				1A90DFDA284813A500AD48BA /* CurrentlyAiringRow.swift */,
				1A2FE96E263F8B0700B11F73 /* Home.swift */,
				1AE79A86284C44A6008BB19A /* HomeNewRows.swift */,
				1A429F0D28BC3E7900AC3C09 /* AddToComingSoon.swift */,
			);
			path = Home;
			sourceTree = "<group>";
		};
		1AE79A8B284C5423008BB19A /* ShowDetailEdit */ = {
			isa = PBXGroup;
			children = (
				1AC953B026896D5C00B293FB /* ShowDetailEdit.swift */,
				1AE79A8C284C543A008BB19A /* ShowDetailEditActors.swift */,
			);
			path = ShowDetailEdit;
			sourceTree = "<group>";
		};
		1AF396452638F54D000C4996 = {
			isa = PBXGroup;
			children = (
				1AF3964A2638F54E000C4996 /* Shared */,
				1AF396542638F54E000C4996 /* iOS */,
				1AF3965B2638F54E000C4996 /* macOS */,
				1AF396652638F54E000C4996 /* Tests iOS */,
				1AF396702638F54E000C4996 /* Tests macOS */,
				1AF396532638F54E000C4996 /* Products */,
				1A012A992898A11100ABC0F7 /* Frameworks */,
			);
			sourceTree = "<group>";
		};
		1AF3964A2638F54E000C4996 /* Shared */ = {
			isa = PBXGroup;
			children = (
				1A02E1EF289822F60026E4CF /* GoogleService-Info.plist */,
				1A66E10D263A074100B47B88 /* Resources */,
				1A66E10C263A065600B47B88 /* Models */,
				1A66E107263A03EB00B47B88 /* Views */,
				1AF3964B2638F54E000C4996 /* TV_Show_AppApp.swift */,
				1AF3964D2638F54E000C4996 /* Assets.xcassets */,
				1ACFA77026DDA39E00CB2E16 /* Screenshots */,
			);
			path = Shared;
			sourceTree = "<group>";
		};
		1AF396532638F54E000C4996 /* Products */ = {
			isa = PBXGroup;
			children = (
				1AF396522638F54E000C4996 /* TV Show App.app */,
				1AF396622638F54E000C4996 /* Tests iOS.xctest */,
			);
			name = Products;
			sourceTree = "<group>";
		};
		1AF396542638F54E000C4996 /* iOS */ = {
			isa = PBXGroup;
			children = (
				1AF396552638F54E000C4996 /* Info.plist */,
			);
			path = iOS;
			sourceTree = "<group>";
		};
		1AF3965B2638F54E000C4996 /* macOS */ = {
			isa = PBXGroup;
			children = (
				1AF3965C2638F54E000C4996 /* Info.plist */,
				1AF3965D2638F54E000C4996 /* macOS.entitlements */,
			);
			path = macOS;
			sourceTree = "<group>";
		};
		1AF396652638F54E000C4996 /* Tests iOS */ = {
			isa = PBXGroup;
			children = (
				1AF396662638F54E000C4996 /* Tests_iOS.swift */,
				1AF396682638F54E000C4996 /* Info.plist */,
			);
			path = "Tests iOS";
			sourceTree = "<group>";
		};
		1AF396702638F54E000C4996 /* Tests macOS */ = {
			isa = PBXGroup;
			children = (
				1AF396712638F54E000C4996 /* Tests_macOS.swift */,
				1AF396732638F54E000C4996 /* Info.plist */,
			);
			path = "Tests macOS";
			sourceTree = "<group>";
		};
/* End PBXGroup section */

/* Begin PBXNativeTarget section */
		1AF396512638F54E000C4996 /* TV Show App (iOS) */ = {
			isa = PBXNativeTarget;
			buildConfigurationList = 1AF3967C2638F54E000C4996 /* Build configuration list for PBXNativeTarget "TV Show App (iOS)" */;
			buildPhases = (
				1AF3964E2638F54E000C4996 /* Sources */,
				1AF3964F2638F54E000C4996 /* Frameworks */,
				1AF396502638F54E000C4996 /* Resources */,
			);
			buildRules = (
			);
			dependencies = (
				1A012A9628989CCB00ABC0F7 /* PBXTargetDependency */,
				1A012A9828989CCB00ABC0F7 /* PBXTargetDependency */,
			);
			name = "TV Show App (iOS)";
			packageProductDependencies = (
				1A02E1F3289824A90026E4CF /* FirebaseAnalytics */,
				1A02E1F7289824A90026E4CF /* FirebaseAnalyticsSwift */,
				1A02E1F9289824A90026E4CF /* FirebaseAnalyticsWithoutAdIdSupport */,
				1A02E1FF289824A90026E4CF /* FirebaseCrashlytics */,
				1A02E205289824A90026E4CF /* FirebaseInstallations */,
				1A02E207289824A90026E4CF /* FirebasePerformance */,
				1AD246B5289C597B00E42452 /* FirebaseAuth */,
				1AD246B7289C598000E42452 /* FirebaseAuthCombine-Community */,
				1AD246B9289C761A00E42452 /* FirebaseFirestore */,
				1AD246BB289C761A00E42452 /* FirebaseFirestoreCombine-Community */,
				1AD246BD289C761A00E42452 /* FirebaseFirestoreSwift */,
				1A88BF8128C535DB005F7683 /* FirebaseStorage */,
				1A88BF8328C535DB005F7683 /* FirebaseStorageCombine-Community */,
				1A88BF8528C53750005F7683 /* FirebaseDatabase */,
				1A88BF8728C53750005F7683 /* FirebaseDatabaseSwift */,
			);
			productName = "TV Show App (iOS)";
			productReference = 1AF396522638F54E000C4996 /* TV Show App.app */;
			productType = "com.apple.product-type.application";
		};
		1AF396612638F54E000C4996 /* Tests iOS */ = {
			isa = PBXNativeTarget;
			buildConfigurationList = 1AF396822638F54E000C4996 /* Build configuration list for PBXNativeTarget "Tests iOS" */;
			buildPhases = (
				1AF3965E2638F54E000C4996 /* Sources */,
				1AF3965F2638F54E000C4996 /* Frameworks */,
				1AF396602638F54E000C4996 /* Resources */,
			);
			buildRules = (
			);
			dependencies = (
				1AF396642638F54E000C4996 /* PBXTargetDependency */,
			);
			name = "Tests iOS";
			productName = "Tests iOS";
			productReference = 1AF396622638F54E000C4996 /* Tests iOS.xctest */;
			productType = "com.apple.product-type.bundle.ui-testing";
		};
/* End PBXNativeTarget section */

/* Begin PBXProject section */
		1AF396462638F54D000C4996 /* Project object */ = {
			isa = PBXProject;
			attributes = {
				LastSwiftUpdateCheck = 1250;
				LastUpgradeCheck = 1400;
				TargetAttributes = {
					1AF396512638F54E000C4996 = {
						CreatedOnToolsVersion = 12.5;
					};
					1AF396612638F54E000C4996 = {
						CreatedOnToolsVersion = 12.5;
						TestTargetID = 1AF396512638F54E000C4996;
					};
				};
			};
			buildConfigurationList = 1AF396492638F54D000C4996 /* Build configuration list for PBXProject "TV Show App" */;
			compatibilityVersion = "Xcode 9.3";
			developmentRegion = en;
			hasScannedForEncodings = 0;
			knownRegions = (
				en,
				Base,
			);
			mainGroup = 1AF396452638F54D000C4996;
			packageReferences = (
				1A02E1F2289824A90026E4CF /* XCRemoteSwiftPackageReference "firebase-ios-sdk" */,
			);
			productRefGroup = 1AF396532638F54E000C4996 /* Products */;
			projectDirPath = "";
			projectRoot = "";
			targets = (
				1AF396512638F54E000C4996 /* TV Show App (iOS) */,
				1AF396612638F54E000C4996 /* Tests iOS */,
			);
		};
/* End PBXProject section */

/* Begin PBXResourcesBuildPhase section */
		1AF396502638F54E000C4996 /* Resources */ = {
			isa = PBXResourcesBuildPhase;
			buildActionMask = 2147483647;
			files = (
				1A81CBE62882417F003F6EC3 /* data.json in Resources */,
				1A7DA8A028768AE000A26E7B /* Home_recording.gif in Resources */,
				1A1515D7282C48ED00DB8948 /* dataEdit.json in Resources */,
				1AE03C922824BA4B005FF4FA /* actorData.json in Resources */,
				1ACFA77D26DDA49F00CB2E16 /* Home.png in Resources */,
				1A02E1F0289822F60026E4CF /* GoogleService-Info.plist in Resources */,
				1ACFA78A26DDA58100CB2E16 /* Watchlist.png in Resources */,
				1AF20DE22674731D0021A08F /* discovered.json in Resources */,
				1AF396782638F54E000C4996 /* Assets.xcassets in Resources */,
				1A550D5526CC3E3F000F4919 /* csvjson.json in Resources */,
				1A1515D2282C3C7700DB8948 /* noID.json in Resources */,
				1AF396B22639004A000C4996 /* landmarkData.json in Resources */,
			);
			runOnlyForDeploymentPostprocessing = 0;
		};
		1AF396602638F54E000C4996 /* Resources */ = {
			isa = PBXResourcesBuildPhase;
			buildActionMask = 2147483647;
			files = (
				1AF20DE42674731D0021A08F /* discovered.json in Resources */,
				1A81CBE82882417F003F6EC3 /* data.json in Resources */,
				1A1515D4282C3C7700DB8948 /* noID.json in Resources */,
				1AE03C942824BA4B005FF4FA /* actorData.json in Resources */,
				1A1515D9282C48ED00DB8948 /* dataEdit.json in Resources */,
				1AF396B42639004A000C4996 /* landmarkData.json in Resources */,
				1A550D5726CC3E3F000F4919 /* csvjson.json in Resources */,
			);
			runOnlyForDeploymentPostprocessing = 0;
		};
/* End PBXResourcesBuildPhase section */

/* Begin PBXSourcesBuildPhase section */
		1AF3964E2638F54E000C4996 /* Sources */ = {
			isa = PBXSourcesBuildPhase;
			buildActionMask = 2147483647;
			files = (
				1AE03C8C2824B34B005FF4FA /* ListActorRow.swift in Sources */,
				1A4A323828C29AE300E76BF1 /* AverageRatingsGraphs.swift in Sources */,
				1A429F0E28BC3E7900AC3C09 /* AddToComingSoon.swift in Sources */,
				1AF2C8912670188000463718 /* ShowHelpers.swift in Sources */,
				1A6E07E128C5488B00BE4898 /* OldFirebaseDBFunctions.swift in Sources */,
				1A3B8B402671D82C0033C433 /* Service.swift in Sources */,
				1AE79A87284C44A6008BB19A /* HomeNewRows.swift in Sources */,
				1A6D246C28C130A60027DF9D /* ShowRatingsGraph.swift in Sources */,
				1A4A323B28C2B55E00E76BF1 /* PersonalRatingGraphs.swift in Sources */,
				1A4B4CEB282D9CDB0095324A /* ActorList.swift in Sources */,
				1AF20DE7267473930021A08F /* ShowSquareTile.swift in Sources */,
				1A3A33F12672AAD300B2F459 /* ShowLength.swift in Sources */,
				1AC11B972890426A00A8FA10 /* TagsGraphs.swift in Sources */,
				1AE79A8D284C543A008BB19A /* ShowDetailEditActors.swift in Sources */,
				1A2FE979263F8EC600B11F73 /* ShowTile.swift in Sources */,
				1AF3968E2638F635000C4996 /* Show.swift in Sources */,
				1AF396932638F6E9000C4996 /* ModelData.swift in Sources */,
				1A1515C8282B5DDA00DB8948 /* ActorHelpers.swift in Sources */,
				1A88BF8028C52BE9005F7683 /* Profile.swift in Sources */,
				1A81CBF4288CA369003F6EC3 /* Rating.swift in Sources */,
				1A66E109263A042600B47B88 /* WatchedButton.swift in Sources */,
				1A81CBFE288E111C003F6EC3 /* Tag.swift in Sources */,
				1AE03C872824B2D4005FF4FA /* ActorDetail.swift in Sources */,
				1AD246B1289C57A400E42452 /* Login.swift in Sources */,
				1ACA81F8289DBB3F0021336B /* DiscoverList.swift in Sources */,
				1A6E07DF28C5456F00BE4898 /* ShowDetailViewModel.swift in Sources */,
				1A81CBF9288CA48C003F6EC3 /* RatingRow.swift in Sources */,
				1A1515CD282B69CF00DB8948 /* ActorDetailEdit.swift in Sources */,
				1A88BF7B28C52A0D005F7683 /* ProfileDetail.swift in Sources */,
				1AF396762638F54E000C4996 /* ContentView.swift in Sources */,
				1A4A323E28C2B5BF00E76BF1 /* RatingGraphs.swift in Sources */,
				1AC953B126896D5C00B293FB /* ShowDetailEdit.swift in Sources */,
				1A88BF7E28C52A24005F7683 /* ProfileViewModel.swift in Sources */,
				1A6E07E628C54B9600BE4898 /* ShowTileViewModel.swift in Sources */,
				1A4B4CF0282F2DA70095324A /* StatsPage.swift in Sources */,
				1A6E07ED28C56A8200BE4898 /* ProfileFunctions.swift in Sources */,
				1AD246C0289C94EA00E42452 /* FireStoreFunctions.swift in Sources */,
				1AE79A79284C4064008BB19A /* ShowDetailText.swift in Sources */,
				1ACA81FE289F25D10021336B /* UpdateStatusButtons.swift in Sources */,
				1AC11B91288F920800A8FA10 /* ActorReferenceGame.swift in Sources */,
				1A2FE96F263F8B0700B11F73 /* Home.swift in Sources */,
				1A5406712812594900A78AC0 /* Hidden.swift in Sources */,
				1A6E07E428C548E900BE4898 /* OldFileIOFunctions.swift in Sources */,
				1AF396A62638F977000C4996 /* ListShowRow.swift in Sources */,
				1A3232F826756F6E009A9F23 /* DiscoverPage.swift in Sources */,
				1A2FE974263F8CAB00B11F73 /* ScrollShowRow.swift in Sources */,
				1A99FF0226CC25DE009485ED /* AirDate.swift in Sources */,
				1AF396742638F54E000C4996 /* TV_Show_AppApp.swift in Sources */,
				1AE79A81284C42F9008BB19A /* ShowDetailActors.swift in Sources */,
				1AE79A74284C3E7B008BB19A /* ShowSeasonsRow.swift in Sources */,
				1A81CC03288E159D003F6EC3 /* TagsSection.swift in Sources */,
				1AF396AD2638FF4C000C4996 /* WatchList.swift in Sources */,
				1A99FF0726CC3796009485ED /* Status.swift in Sources */,
				1A90DFDB284813A500AD48BA /* CurrentlyAiringRow.swift in Sources */,
				1A1A51D3268EBD1B00138859 /* UIImage+Extension.swift in Sources */,
				1AA1AAE326A0CE070029FFD6 /* DeletePage.swift in Sources */,
				1A818B28289A1D34002866B2 /* ActorReferenceHelper.swift in Sources */,
				1A6E07EA28C561C300BE4898 /* FollowerList.swift in Sources */,
				1A3232F326750BAF009A9F23 /* SquareTileScrollRow.swift in Sources */,
				1A66E1052639119300B47B88 /* ShowDetail.swift in Sources */,
				1A316A3B268FE91A00C97699 /* TileBanner.swift in Sources */,
				1AE03C812824ABB3005FF4FA /* Actor.swift in Sources */,
			);
			runOnlyForDeploymentPostprocessing = 0;
		};
		1AF3965E2638F54E000C4996 /* Sources */ = {
			isa = PBXSourcesBuildPhase;
			buildActionMask = 2147483647;
			files = (
				1A81CBFB288CA48C003F6EC3 /* RatingRow.swift in Sources */,
				1A3232F526750BAF009A9F23 /* SquareTileScrollRow.swift in Sources */,
				1A1515CA282B5DDA00DB8948 /* ActorHelpers.swift in Sources */,
				1AD246C1289C94EA00E42452 /* FireStoreFunctions.swift in Sources */,
				1A81CBF6288CA369003F6EC3 /* Rating.swift in Sources */,
				1A6D246D28C130A60027DF9D /* ShowRatingsGraph.swift in Sources */,
				1AE79A83284C42F9008BB19A /* ShowDetailActors.swift in Sources */,
				1A818B2A289A1D34002866B2 /* ActorReferenceHelper.swift in Sources */,
				1A1515CF282B69CF00DB8948 /* ActorDetailEdit.swift in Sources */,
				1AF396902638F635000C4996 /* Show.swift in Sources */,
				1A4A323C28C2B55E00E76BF1 /* PersonalRatingGraphs.swift in Sources */,
				1AF396AB2638FC7C000C4996 /* ContentView.swift in Sources */,
				1AE03C892824B2D4005FF4FA /* ActorDetail.swift in Sources */,
				1AC953B326896D5C00B293FB /* ShowDetailEdit.swift in Sources */,
				1AF396A82638F977000C4996 /* ListShowRow.swift in Sources */,
				1AC11B93288F920800A8FA10 /* ActorReferenceGame.swift in Sources */,
				1A99FF0926CC3796009485ED /* Status.swift in Sources */,
				1AE79A89284C44A6008BB19A /* HomeNewRows.swift in Sources */,
				1ACA81F9289DBB3F0021336B /* DiscoverList.swift in Sources */,
				1AD246B3289C57A400E42452 /* Login.swift in Sources */,
				1AF396672638F54E000C4996 /* Tests_iOS.swift in Sources */,
				1AF396952638F6E9000C4996 /* ModelData.swift in Sources */,
				1AF396AF2638FF4C000C4996 /* WatchList.swift in Sources */,
				1A4A323F28C2B5BF00E76BF1 /* RatingGraphs.swift in Sources */,
				1A3A33F32672AAD300B2F459 /* ShowLength.swift in Sources */,
				1A4B4CED282D9CDB0095324A /* ActorList.swift in Sources */,
				1AF2C8932670188000463718 /* ShowHelpers.swift in Sources */,
				1AC11B992890426A00A8FA10 /* TagsGraphs.swift in Sources */,
				1AE79A8F284C543A008BB19A /* ShowDetailEditActors.swift in Sources */,
				1A3232FA26756F6E009A9F23 /* DiscoverPage.swift in Sources */,
				1AA1AAE526A0CE070029FFD6 /* DeletePage.swift in Sources */,
				1ACA81FF289F25D10021336B /* UpdateStatusButtons.swift in Sources */,
				1A2FE976263F8CAB00B11F73 /* ScrollShowRow.swift in Sources */,
				1A4A323928C29AE300E76BF1 /* AverageRatingsGraphs.swift in Sources */,
				1A81CC00288E111C003F6EC3 /* Tag.swift in Sources */,
				1AE79A7E284C418F008BB19A /* ShowDetail.swift in Sources */,
				1A4B4CF2282F2DA70095324A /* StatsPage.swift in Sources */,
				1AE79A76284C3E7B008BB19A /* ShowSeasonsRow.swift in Sources */,
				1A5406732812594900A78AC0 /* Hidden.swift in Sources */,
				1AE79A7B284C4064008BB19A /* ShowDetailText.swift in Sources */,
				1A429F0F28BC3E7900AC3C09 /* AddToComingSoon.swift in Sources */,
				1A3B8B422671D82C0033C433 /* Service.swift in Sources */,
				1A2FE971263F8B0700B11F73 /* Home.swift in Sources */,
				1A81CC05288E159D003F6EC3 /* TagsSection.swift in Sources */,
				1AE03C8E2824B34B005FF4FA /* ListActorRow.swift in Sources */,
				1A99FF0426CC25DE009485ED /* AirDate.swift in Sources */,
				1AF20DE9267473930021A08F /* ShowSquareTile.swift in Sources */,
				1AE03C832824ABB3005FF4FA /* Actor.swift in Sources */,
			);
			runOnlyForDeploymentPostprocessing = 0;
		};
/* End PBXSourcesBuildPhase section */

/* Begin PBXTargetDependency section */
		1A012A9628989CCB00ABC0F7 /* PBXTargetDependency */ = {
			isa = PBXTargetDependency;
			productRef = 1A012A9528989CCB00ABC0F7 /* FirebaseDatabase */;
		};
		1A012A9828989CCB00ABC0F7 /* PBXTargetDependency */ = {
			isa = PBXTargetDependency;
			productRef = 1A012A9728989CCB00ABC0F7 /* FirebaseDatabaseSwift */;
		};
		1AF396642638F54E000C4996 /* PBXTargetDependency */ = {
			isa = PBXTargetDependency;
			target = 1AF396512638F54E000C4996 /* TV Show App (iOS) */;
			targetProxy = 1AF396632638F54E000C4996 /* PBXContainerItemProxy */;
		};
/* End PBXTargetDependency section */

/* Begin XCBuildConfiguration section */
		1AF3967A2638F54E000C4996 /* Debug */ = {
			isa = XCBuildConfiguration;
			buildSettings = {
				ALWAYS_SEARCH_USER_PATHS = NO;
				CLANG_ANALYZER_NONNULL = YES;
				CLANG_ANALYZER_NUMBER_OBJECT_CONVERSION = YES_AGGRESSIVE;
				CLANG_CXX_LANGUAGE_STANDARD = "gnu++14";
				CLANG_CXX_LIBRARY = "libc++";
				CLANG_ENABLE_MODULES = YES;
				CLANG_ENABLE_OBJC_ARC = YES;
				CLANG_ENABLE_OBJC_WEAK = YES;
				CLANG_WARN_BLOCK_CAPTURE_AUTORELEASING = YES;
				CLANG_WARN_BOOL_CONVERSION = YES;
				CLANG_WARN_COMMA = YES;
				CLANG_WARN_CONSTANT_CONVERSION = YES;
				CLANG_WARN_DEPRECATED_OBJC_IMPLEMENTATIONS = YES;
				CLANG_WARN_DIRECT_OBJC_ISA_USAGE = YES_ERROR;
				CLANG_WARN_DOCUMENTATION_COMMENTS = YES;
				CLANG_WARN_EMPTY_BODY = YES;
				CLANG_WARN_ENUM_CONVERSION = YES;
				CLANG_WARN_INFINITE_RECURSION = YES;
				CLANG_WARN_INT_CONVERSION = YES;
				CLANG_WARN_NON_LITERAL_NULL_CONVERSION = YES;
				CLANG_WARN_OBJC_IMPLICIT_RETAIN_SELF = YES;
				CLANG_WARN_OBJC_LITERAL_CONVERSION = YES;
				CLANG_WARN_OBJC_ROOT_CLASS = YES_ERROR;
				CLANG_WARN_QUOTED_INCLUDE_IN_FRAMEWORK_HEADER = YES;
				CLANG_WARN_RANGE_LOOP_ANALYSIS = YES;
				CLANG_WARN_STRICT_PROTOTYPES = YES;
				CLANG_WARN_SUSPICIOUS_MOVE = YES;
				CLANG_WARN_UNGUARDED_AVAILABILITY = YES_AGGRESSIVE;
				CLANG_WARN_UNREACHABLE_CODE = YES;
				CLANG_WARN__DUPLICATE_METHOD_MATCH = YES;
				COPY_PHASE_STRIP = NO;
				DEAD_CODE_STRIPPING = YES;
				DEBUG_INFORMATION_FORMAT = dwarf;
				ENABLE_STRICT_OBJC_MSGSEND = YES;
				ENABLE_TESTABILITY = YES;
				EXCLUDED_ARCHS = arm64;
				GCC_C_LANGUAGE_STANDARD = gnu11;
				GCC_DYNAMIC_NO_PIC = NO;
				GCC_NO_COMMON_BLOCKS = YES;
				GCC_OPTIMIZATION_LEVEL = 0;
				GCC_PREPROCESSOR_DEFINITIONS = (
					"DEBUG=1",
					"$(inherited)",
				);
				GCC_WARN_64_TO_32_BIT_CONVERSION = YES;
				GCC_WARN_ABOUT_RETURN_TYPE = YES_ERROR;
				GCC_WARN_UNDECLARED_SELECTOR = YES;
				GCC_WARN_UNINITIALIZED_AUTOS = YES_AGGRESSIVE;
				GCC_WARN_UNUSED_FUNCTION = YES;
				GCC_WARN_UNUSED_VARIABLE = YES;
				IPHONEOS_DEPLOYMENT_TARGET = 16.0;
				MTL_ENABLE_DEBUG_INFO = INCLUDE_SOURCE;
				MTL_FAST_MATH = YES;
				ONLY_ACTIVE_ARCH = YES;
				SWIFT_ACTIVE_COMPILATION_CONDITIONS = DEBUG;
				SWIFT_OPTIMIZATION_LEVEL = "-Onone";
			};
			name = Debug;
		};
		1AF3967B2638F54E000C4996 /* Release */ = {
			isa = XCBuildConfiguration;
			buildSettings = {
				ALWAYS_SEARCH_USER_PATHS = NO;
				CLANG_ANALYZER_NONNULL = YES;
				CLANG_ANALYZER_NUMBER_OBJECT_CONVERSION = YES_AGGRESSIVE;
				CLANG_CXX_LANGUAGE_STANDARD = "gnu++14";
				CLANG_CXX_LIBRARY = "libc++";
				CLANG_ENABLE_MODULES = YES;
				CLANG_ENABLE_OBJC_ARC = YES;
				CLANG_ENABLE_OBJC_WEAK = YES;
				CLANG_WARN_BLOCK_CAPTURE_AUTORELEASING = YES;
				CLANG_WARN_BOOL_CONVERSION = YES;
				CLANG_WARN_COMMA = YES;
				CLANG_WARN_CONSTANT_CONVERSION = YES;
				CLANG_WARN_DEPRECATED_OBJC_IMPLEMENTATIONS = YES;
				CLANG_WARN_DIRECT_OBJC_ISA_USAGE = YES_ERROR;
				CLANG_WARN_DOCUMENTATION_COMMENTS = YES;
				CLANG_WARN_EMPTY_BODY = YES;
				CLANG_WARN_ENUM_CONVERSION = YES;
				CLANG_WARN_INFINITE_RECURSION = YES;
				CLANG_WARN_INT_CONVERSION = YES;
				CLANG_WARN_NON_LITERAL_NULL_CONVERSION = YES;
				CLANG_WARN_OBJC_IMPLICIT_RETAIN_SELF = YES;
				CLANG_WARN_OBJC_LITERAL_CONVERSION = YES;
				CLANG_WARN_OBJC_ROOT_CLASS = YES_ERROR;
				CLANG_WARN_QUOTED_INCLUDE_IN_FRAMEWORK_HEADER = YES;
				CLANG_WARN_RANGE_LOOP_ANALYSIS = YES;
				CLANG_WARN_STRICT_PROTOTYPES = YES;
				CLANG_WARN_SUSPICIOUS_MOVE = YES;
				CLANG_WARN_UNGUARDED_AVAILABILITY = YES_AGGRESSIVE;
				CLANG_WARN_UNREACHABLE_CODE = YES;
				CLANG_WARN__DUPLICATE_METHOD_MATCH = YES;
				COPY_PHASE_STRIP = NO;
				DEAD_CODE_STRIPPING = YES;
				DEBUG_INFORMATION_FORMAT = "dwarf-with-dsym";
				ENABLE_NS_ASSERTIONS = NO;
				ENABLE_STRICT_OBJC_MSGSEND = YES;
				EXCLUDED_ARCHS = arm64;
				GCC_C_LANGUAGE_STANDARD = gnu11;
				GCC_NO_COMMON_BLOCKS = YES;
				GCC_WARN_64_TO_32_BIT_CONVERSION = YES;
				GCC_WARN_ABOUT_RETURN_TYPE = YES_ERROR;
				GCC_WARN_UNDECLARED_SELECTOR = YES;
				GCC_WARN_UNINITIALIZED_AUTOS = YES_AGGRESSIVE;
				GCC_WARN_UNUSED_FUNCTION = YES;
				GCC_WARN_UNUSED_VARIABLE = YES;
				IPHONEOS_DEPLOYMENT_TARGET = 16.0;
				MTL_ENABLE_DEBUG_INFO = NO;
				MTL_FAST_MATH = YES;
				SWIFT_COMPILATION_MODE = wholemodule;
				SWIFT_OPTIMIZATION_LEVEL = "-O";
			};
			name = Release;
		};
		1AF3967D2638F54E000C4996 /* Debug */ = {
			isa = XCBuildConfiguration;
			buildSettings = {
				ASSETCATALOG_COMPILER_APPICON_NAME = AppIcon;
				ASSETCATALOG_COMPILER_GLOBAL_ACCENT_COLOR_NAME = AccentColor;
				CODE_SIGN_IDENTITY = "Apple Development";
				CODE_SIGN_STYLE = Automatic;
				DEVELOPMENT_TEAM = 55DY7Z3JY7;
				ENABLE_PREVIEWS = YES;
				EXCLUDED_ARCHS = "";
				INFOPLIST_FILE = iOS/Info.plist;
				INFOPLIST_KEY_CFBundleDisplayName = "TV Show App";
				IPHONEOS_DEPLOYMENT_TARGET = 16.0;
				LD_RUNPATH_SEARCH_PATHS = (
					"$(inherited)",
					"@executable_path/Frameworks",
				);
				NEW_SETTING = "";
				"OTHER_CODE_SIGN_FLAGS[sdk=*]" = "--generate-entitlement-der";
				PRODUCT_BUNDLE_IDENTIFIER = "ajglodowski.TV-Show-App";
				PRODUCT_NAME = "TV Show App";
				PROVISIONING_PROFILE_SPECIFIER = "";
				SDKROOT = iphoneos;
				SUPPORTED_PLATFORMS = "iphoneos iphonesimulator";
				SUPPORTS_MACCATALYST = NO;
				SUPPORTS_MAC_DESIGNED_FOR_IPHONE_IPAD = NO;
				SWIFT_VERSION = 5.0;
				TARGETED_DEVICE_FAMILY = "1,2";
			};
			name = Debug;
		};
		1AF3967E2638F54E000C4996 /* Release */ = {
			isa = XCBuildConfiguration;
			buildSettings = {
				ASSETCATALOG_COMPILER_APPICON_NAME = AppIcon;
				ASSETCATALOG_COMPILER_GLOBAL_ACCENT_COLOR_NAME = AccentColor;
				CODE_SIGN_IDENTITY = "Apple Development";
				CODE_SIGN_STYLE = Automatic;
				DEVELOPMENT_TEAM = 55DY7Z3JY7;
				ENABLE_PREVIEWS = YES;
				EXCLUDED_ARCHS = "";
				INFOPLIST_FILE = iOS/Info.plist;
				INFOPLIST_KEY_CFBundleDisplayName = "TV Show App";
				IPHONEOS_DEPLOYMENT_TARGET = 16.0;
				LD_RUNPATH_SEARCH_PATHS = (
					"$(inherited)",
					"@executable_path/Frameworks",
				);
				NEW_SETTING = "";
				"OTHER_CODE_SIGN_FLAGS[sdk=*]" = "--generate-entitlement-der";
				PRODUCT_BUNDLE_IDENTIFIER = "ajglodowski.TV-Show-App";
				PRODUCT_NAME = "TV Show App";
				PROVISIONING_PROFILE_SPECIFIER = "";
				SDKROOT = iphoneos;
				SUPPORTED_PLATFORMS = "iphoneos iphonesimulator";
				SUPPORTS_MACCATALYST = NO;
				SUPPORTS_MAC_DESIGNED_FOR_IPHONE_IPAD = NO;
				SWIFT_VERSION = 5.0;
				TARGETED_DEVICE_FAMILY = "1,2";
				VALIDATE_PRODUCT = YES;
			};
			name = Release;
		};
		1AF396832638F54E000C4996 /* Debug */ = {
			isa = XCBuildConfiguration;
			buildSettings = {
				ALWAYS_EMBED_SWIFT_STANDARD_LIBRARIES = YES;
				CODE_SIGN_STYLE = Automatic;
				DEVELOPMENT_TEAM = 55DY7Z3JY7;
				INFOPLIST_FILE = "Tests iOS/Info.plist";
				IPHONEOS_DEPLOYMENT_TARGET = 14.5;
				LD_RUNPATH_SEARCH_PATHS = (
					"$(inherited)",
					"@executable_path/Frameworks",
					"@loader_path/Frameworks",
				);
				PRODUCT_BUNDLE_IDENTIFIER = "ajglodo.Tests-iOS";
				PRODUCT_NAME = "$(TARGET_NAME)";
				SDKROOT = iphoneos;
				SWIFT_VERSION = 5.0;
				TARGETED_DEVICE_FAMILY = "1,2";
				TEST_TARGET_NAME = "TV Show App (iOS)";
			};
			name = Debug;
		};
		1AF396842638F54E000C4996 /* Release */ = {
			isa = XCBuildConfiguration;
			buildSettings = {
				ALWAYS_EMBED_SWIFT_STANDARD_LIBRARIES = YES;
				CODE_SIGN_STYLE = Automatic;
				DEVELOPMENT_TEAM = 55DY7Z3JY7;
				INFOPLIST_FILE = "Tests iOS/Info.plist";
				IPHONEOS_DEPLOYMENT_TARGET = 14.5;
				LD_RUNPATH_SEARCH_PATHS = (
					"$(inherited)",
					"@executable_path/Frameworks",
					"@loader_path/Frameworks",
				);
				PRODUCT_BUNDLE_IDENTIFIER = "ajglodo.Tests-iOS";
				PRODUCT_NAME = "$(TARGET_NAME)";
				SDKROOT = iphoneos;
				SWIFT_VERSION = 5.0;
				TARGETED_DEVICE_FAMILY = "1,2";
				TEST_TARGET_NAME = "TV Show App (iOS)";
				VALIDATE_PRODUCT = YES;
			};
			name = Release;
		};
/* End XCBuildConfiguration section */

/* Begin XCConfigurationList section */
		1AF396492638F54D000C4996 /* Build configuration list for PBXProject "TV Show App" */ = {
			isa = XCConfigurationList;
			buildConfigurations = (
				1AF3967A2638F54E000C4996 /* Debug */,
				1AF3967B2638F54E000C4996 /* Release */,
			);
			defaultConfigurationIsVisible = 0;
			defaultConfigurationName = Release;
		};
		1AF3967C2638F54E000C4996 /* Build configuration list for PBXNativeTarget "TV Show App (iOS)" */ = {
			isa = XCConfigurationList;
			buildConfigurations = (
				1AF3967D2638F54E000C4996 /* Debug */,
				1AF3967E2638F54E000C4996 /* Release */,
			);
			defaultConfigurationIsVisible = 0;
			defaultConfigurationName = Release;
		};
		1AF396822638F54E000C4996 /* Build configuration list for PBXNativeTarget "Tests iOS" */ = {
			isa = XCConfigurationList;
			buildConfigurations = (
				1AF396832638F54E000C4996 /* Debug */,
				1AF396842638F54E000C4996 /* Release */,
			);
			defaultConfigurationIsVisible = 0;
			defaultConfigurationName = Release;
		};
/* End XCConfigurationList section */

/* Begin XCRemoteSwiftPackageReference section */
		1A02E1F2289824A90026E4CF /* XCRemoteSwiftPackageReference "firebase-ios-sdk" */ = {
			isa = XCRemoteSwiftPackageReference;
			repositoryURL = "https://github.com/firebase/firebase-ios-sdk";
			requirement = {
				kind = upToNextMajorVersion;
				minimumVersion = 9.0.0;
			};
		};
/* End XCRemoteSwiftPackageReference section */

/* Begin XCSwiftPackageProductDependency section */
		1A012A9528989CCB00ABC0F7 /* FirebaseDatabase */ = {
			isa = XCSwiftPackageProductDependency;
			package = 1A02E1F2289824A90026E4CF /* XCRemoteSwiftPackageReference "firebase-ios-sdk" */;
			productName = FirebaseDatabase;
		};
		1A012A9728989CCB00ABC0F7 /* FirebaseDatabaseSwift */ = {
			isa = XCSwiftPackageProductDependency;
			package = 1A02E1F2289824A90026E4CF /* XCRemoteSwiftPackageReference "firebase-ios-sdk" */;
			productName = FirebaseDatabaseSwift;
		};
		1A02E1F3289824A90026E4CF /* FirebaseAnalytics */ = {
			isa = XCSwiftPackageProductDependency;
			package = 1A02E1F2289824A90026E4CF /* XCRemoteSwiftPackageReference "firebase-ios-sdk" */;
			productName = FirebaseAnalytics;
		};
		1A02E1F7289824A90026E4CF /* FirebaseAnalyticsSwift */ = {
			isa = XCSwiftPackageProductDependency;
			package = 1A02E1F2289824A90026E4CF /* XCRemoteSwiftPackageReference "firebase-ios-sdk" */;
			productName = FirebaseAnalyticsSwift;
		};
		1A02E1F9289824A90026E4CF /* FirebaseAnalyticsWithoutAdIdSupport */ = {
			isa = XCSwiftPackageProductDependency;
			package = 1A02E1F2289824A90026E4CF /* XCRemoteSwiftPackageReference "firebase-ios-sdk" */;
			productName = FirebaseAnalyticsWithoutAdIdSupport;
		};
		1A02E1FF289824A90026E4CF /* FirebaseCrashlytics */ = {
			isa = XCSwiftPackageProductDependency;
			package = 1A02E1F2289824A90026E4CF /* XCRemoteSwiftPackageReference "firebase-ios-sdk" */;
			productName = FirebaseCrashlytics;
		};
		1A02E205289824A90026E4CF /* FirebaseInstallations */ = {
			isa = XCSwiftPackageProductDependency;
			package = 1A02E1F2289824A90026E4CF /* XCRemoteSwiftPackageReference "firebase-ios-sdk" */;
			productName = FirebaseInstallations;
		};
		1A02E207289824A90026E4CF /* FirebasePerformance */ = {
			isa = XCSwiftPackageProductDependency;
			package = 1A02E1F2289824A90026E4CF /* XCRemoteSwiftPackageReference "firebase-ios-sdk" */;
			productName = FirebasePerformance;
		};
		1A88BF8128C535DB005F7683 /* FirebaseStorage */ = {
			isa = XCSwiftPackageProductDependency;
			package = 1A02E1F2289824A90026E4CF /* XCRemoteSwiftPackageReference "firebase-ios-sdk" */;
			productName = FirebaseStorage;
		};
		1A88BF8328C535DB005F7683 /* FirebaseStorageCombine-Community */ = {
			isa = XCSwiftPackageProductDependency;
			package = 1A02E1F2289824A90026E4CF /* XCRemoteSwiftPackageReference "firebase-ios-sdk" */;
			productName = "FirebaseStorageCombine-Community";
		};
		1A88BF8528C53750005F7683 /* FirebaseDatabase */ = {
			isa = XCSwiftPackageProductDependency;
			package = 1A02E1F2289824A90026E4CF /* XCRemoteSwiftPackageReference "firebase-ios-sdk" */;
			productName = FirebaseDatabase;
		};
		1A88BF8728C53750005F7683 /* FirebaseDatabaseSwift */ = {
			isa = XCSwiftPackageProductDependency;
			package = 1A02E1F2289824A90026E4CF /* XCRemoteSwiftPackageReference "firebase-ios-sdk" */;
			productName = FirebaseDatabaseSwift;
		};
		1AD246B5289C597B00E42452 /* FirebaseAuth */ = {
			isa = XCSwiftPackageProductDependency;
			package = 1A02E1F2289824A90026E4CF /* XCRemoteSwiftPackageReference "firebase-ios-sdk" */;
			productName = FirebaseAuth;
		};
		1AD246B7289C598000E42452 /* FirebaseAuthCombine-Community */ = {
			isa = XCSwiftPackageProductDependency;
			package = 1A02E1F2289824A90026E4CF /* XCRemoteSwiftPackageReference "firebase-ios-sdk" */;
			productName = "FirebaseAuthCombine-Community";
		};
		1AD246B9289C761A00E42452 /* FirebaseFirestore */ = {
			isa = XCSwiftPackageProductDependency;
			package = 1A02E1F2289824A90026E4CF /* XCRemoteSwiftPackageReference "firebase-ios-sdk" */;
			productName = FirebaseFirestore;
		};
		1AD246BB289C761A00E42452 /* FirebaseFirestoreCombine-Community */ = {
			isa = XCSwiftPackageProductDependency;
			package = 1A02E1F2289824A90026E4CF /* XCRemoteSwiftPackageReference "firebase-ios-sdk" */;
			productName = "FirebaseFirestoreCombine-Community";
		};
		1AD246BD289C761A00E42452 /* FirebaseFirestoreSwift */ = {
			isa = XCSwiftPackageProductDependency;
			package = 1A02E1F2289824A90026E4CF /* XCRemoteSwiftPackageReference "firebase-ios-sdk" */;
			productName = FirebaseFirestoreSwift;
		};
/* End XCSwiftPackageProductDependency section */
	};
	rootObject = 1AF396462638F54D000C4996 /* Project object */;
}
